// !$*UTF8*$!
{
	archiveVersion = 1;
	classes = {
	};
	objectVersion = 46;
	objects = {

/* Begin PBXBuildFile section */
		F8111B5F1D5F51F6006CED69 /* main.m in Sources */ = {isa = PBXBuildFile; fileRef = F8111B5E1D5F51F6006CED69 /* main.m */; };
		F8111B621D5F51F6006CED69 /* AppDelegate.m in Sources */ = {isa = PBXBuildFile; fileRef = F8111B611D5F51F6006CED69 /* AppDelegate.m */; };
		F8111B651D5F51F6006CED69 /* FirstViewController.m in Sources */ = {isa = PBXBuildFile; fileRef = F8111B641D5F51F6006CED69 /* FirstViewController.m */; };
		F8111B681D5F51F6006CED69 /* SecondViewController.m in Sources */ = {isa = PBXBuildFile; fileRef = F8111B671D5F51F6006CED69 /* SecondViewController.m */; };
		F8111B6B1D5F51F6006CED69 /* Main.storyboard in Resources */ = {isa = PBXBuildFile; fileRef = F8111B691D5F51F6006CED69 /* Main.storyboard */; };
		F8111B6D1D5F51F6006CED69 /* Assets.xcassets in Resources */ = {isa = PBXBuildFile; fileRef = F8111B6C1D5F51F6006CED69 /* Assets.xcassets */; };
		F8111B701D5F51F6006CED69 /* LaunchScreen.storyboard in Resources */ = {isa = PBXBuildFile; fileRef = F8111B6E1D5F51F6006CED69 /* LaunchScreen.storyboard */; };
/* End PBXBuildFile section */

/* Begin PBXFileReference section */
		F8111B5A1D5F51F6006CED69 /* ShunFengChe.app */ = {isa = PBXFileReference; explicitFileType = wrapper.application; includeInIndex = 0; path = ShunFengChe.app; sourceTree = BUILT_PRODUCTS_DIR; };
		F8111B5E1D5F51F6006CED69 /* main.m */ = {isa = PBXFileReference; lastKnownFileType = sourcecode.c.objc; path = main.m; sourceTree = "<group>"; };
		F8111B601D5F51F6006CED69 /* AppDelegate.h */ = {isa = PBXFileReference; lastKnownFileType = sourcecode.c.h; path = AppDelegate.h; sourceTree = "<group>"; };
		F8111B611D5F51F6006CED69 /* AppDelegate.m */ = {isa = PBXFileReference; lastKnownFileType = sourcecode.c.objc; path = AppDelegate.m; sourceTree = "<group>"; };
		F8111B631D5F51F6006CED69 /* FirstViewController.h */ = {isa = PBXFileReference; lastKnownFileType = sourcecode.c.h; path = FirstViewController.h; sourceTree = "<group>"; };
		F8111B641D5F51F6006CED69 /* FirstViewController.m */ = {isa = PBXFileReference; lastKnownFileType = sourcecode.c.objc; path = FirstViewController.m; sourceTree = "<group>"; };
		F8111B661D5F51F6006CED69 /* SecondViewController.h */ = {isa = PBXFileReference; lastKnownFileType = sourcecode.c.h; path = SecondViewController.h; sourceTree = "<group>"; };
		F8111B671D5F51F6006CED69 /* SecondViewController.m */ = {isa = PBXFileReference; lastKnownFileType = sourcecode.c.objc; path = SecondViewController.m; sourceTree = "<group>"; };
		F8111B6A1D5F51F6006CED69 /* Base */ = {isa = PBXFileReference; lastKnownFileType = file.storyboard; name = Base; path = Base.lproj/Main.storyboard; sourceTree = "<group>"; };
		F8111B6C1D5F51F6006CED69 /* Assets.xcassets */ = {isa = PBXFileReference; lastKnownFileType = folder.assetcatalog; path = Assets.xcassets; sourceTree = "<group>"; };
		F8111B6F1D5F51F6006CED69 /* Base */ = {isa = PBXFileReference; lastKnownFileType = file.storyboard; name = Base; path = Base.lproj/LaunchScreen.storyboard; sourceTree = "<group>"; };
		F8111B711D5F51F6006CED69 /* Info.plist */ = {isa = PBXFileReference; lastKnownFileType = text.plist.xml; path = Info.plist; sourceTree = "<group>"; };
/* End PBXFileReference section */

/* Begin PBXFrameworksBuildPhase section */
		F8111B571D5F51F6006CED69 /* Frameworks */ = {
			isa = PBXFrameworksBuildPhase;
			buildActionMask = 2147483647;
			files = (
			);
			runOnlyForDeploymentPostprocessing = 0;
		};
/* End PBXFrameworksBuildPhase section */

/* Begin PBXGroup section */
		F8111B511D5F51F6006CED69 = {
			isa = PBXGroup;
			children = (
				F8111B5C1D5F51F6006CED69 /* ShunFengChe */,
				F8111B5B1D5F51F6006CED69 /* Products */,
			);
			sourceTree = "<group>";
		};
		F8111B5B1D5F51F6006CED69 /* Products */ = {
			isa = PBXGroup;
			children = (
				F8111B5A1D5F51F6006CED69 /* ShunFengChe.app */,
			);
			name = Products;
			sourceTree = "<group>";
		};
		F8111B5C1D5F51F6006CED69 /* ShunFengChe */ = {
			isa = PBXGroup;
			children = (
				F8111B601D5F51F6006CED69 /* AppDelegate.h */,
				F8111B611D5F51F6006CED69 /* AppDelegate.m */,
				F8111B631D5F51F6006CED69 /* FirstViewController.h */,
				F8111B641D5F51F6006CED69 /* FirstViewController.m */,
				F8111B661D5F51F6006CED69 /* SecondViewController.h */,
				F8111B671D5F51F6006CED69 /* SecondViewController.m */,
				F8111B691D5F51F6006CED69 /* Main.storyboard */,
				F8111B6C1D5F51F6006CED69 /* Assets.xcassets */,
				F8111B6E1D5F51F6006CED69 /* LaunchScreen.storyboard */,
				F8111B711D5F51F6006CED69 /* Info.plist */,
				F8111B5D1D5F51F6006CED69 /* Supporting Files */,
			);
			path = ShunFengChe;
			sourceTree = "<group>";
		};
		F8111B5D1D5F51F6006CED69 /* Supporting Files */ = {
			isa = PBXGroup;
			children = (
				F8111B5E1D5F51F6006CED69 /* main.m */,
			);
			name = "Supporting Files";
			sourceTree = "<group>";
		};
/* End PBXGroup section */

/* Begin PBXNativeTarget section */
		F8111B591D5F51F6006CED69 /* ShunFengChe */ = {
			isa = PBXNativeTarget;
			buildConfigurationList = F8111B741D5F51F6006CED69 /* Build configuration list for PBXNativeTarget "ShunFengChe" */;
			buildPhases = (
				F8111B561D5F51F6006CED69 /* Sources */,
				F8111B571D5F51F6006CED69 /* Frameworks */,
				F8111B581D5F51F6006CED69 /* Resources */,
			);
			buildRules = (
			);
			dependencies = (
			);
			name = ShunFengChe;
			productName = ShunFengChe;
			productReference = F8111B5A1D5F51F6006CED69 /* ShunFengChe.app */;
			productType = "com.apple.product-type.application";
		};
/* End PBXNativeTarget section */

/* Begin PBXProject section */
		F8111B521D5F51F6006CED69 /* Project object */ = {
			isa = PBXProject;
			attributes = {
				LastUpgradeCheck = 0730;
				ORGANIZATIONNAME = "jiulong zhou";
				TargetAttributes = {
					F8111B591D5F51F6006CED69 = {
						CreatedOnToolsVersion = 7.3.1;
					};
				};
			};
			buildConfigurationList = F8111B551D5F51F6006CED69 /* Build configuration list for PBXProject "ShunFengChe" */;
			compatibilityVersion = "Xcode 3.2";
			developmentRegion = English;
			hasScannedForEncodings = 0;
			knownRegions = (
				en,
				Base,
			);
			mainGroup = F8111B511D5F51F6006CED69;
			productRefGroup = F8111B5B1D5F51F6006CED69 /* Products */;
			projectDirPath = "";
			projectRoot = "";
			targets = (
				F8111B591D5F51F6006CED69 /* ShunFengChe */,
			);
		};
/* End PBXProject section */

/* Begin PBXResourcesBuildPhase section */
		F8111B581D5F51F6006CED69 /* Resources */ = {
			isa = PBXResourcesBuildPhase;
			buildActionMask = 2147483647;
			files = (
				F8111B701D5F51F6006CED69 /* LaunchScreen.storyboard in Resources */,
				F8111B6D1D5F51F6006CED69 /* Assets.xcassets in Resources */,
				F8111B6B1D5F51F6006CED69 /* Main.storyboard in Resources */,
			);
			runOnlyForDeploymentPostprocessing = 0;
		};
/* End PBXResourcesBuildPhase section */

/* Begin PBXSourcesBuildPhase section */
		F8111B561D5F51F6006CED69 /* Sources */ = {
			isa = PBXSourcesBuildPhase;
			buildActionMask = 2147483647;
			files = (
				F8111B681D5F51F6006CED69 /* SecondViewController.m in Sources */,
				F8111B621D5F51F6006CED69 /* AppDelegate.m in Sources */,
				F8111B651D5F51F6006CED69 /* FirstViewController.m in Sources */,
				F8111B5F1D5F51F6006CED69 /* main.m in Sources */,
			);
			runOnlyForDeploymentPostprocessing = 0;
		};
/* End PBXSourcesBuildPhase section */

/* Begin PBXVariantGroup section */
		F8111B691D5F51F6006CED69 /* Main.storyboard */ = {
			isa = PBXVariantGroup;
			children = (
				F8111B6A1D5F51F6006CED69 /* Base */,
			);
			name = Main.storyboard;
			sourceTree = "<group>";
		};
		F8111B6E1D5F51F6006CED69 /* LaunchScreen.storyboard */ = {
			isa = PBXVariantGroup;
			children = (
				F8111B6F1D5F51F6006CED69 /* Base */,
			);
			name = LaunchScreen.storyboard;
			sourceTree = "<group>";
		};
/* End PBXVariantGroup section */

/* Begin XCBuildConfiguration section */
		F8111B721D5F51F6006CED69 /* Debug */ = {
			isa = XCBuildConfiguration;
			buildSettings = {
				ALWAYS_SEARCH_USER_PATHS = NO;
				CLANG_ANALYZER_NONNULL = YES;
				CLANG_CXX_LANGUAGE_STANDARD = "gnu++0x";
				CLANG_CXX_LIBRARY = "libc++";
				CLANG_ENABLE_MODULES = YES;
				CLANG_ENABLE_OBJC_ARC = YES;
				CLANG_WARN_BOOL_CONVERSION = YES;
				CLANG_WARN_CONSTANT_CONVERSION = YES;
				CLANG_WARN_DIRECT_OBJC_ISA_USAGE = YES_ERROR;
				CLANG_WARN_EMPTY_BODY = YES;
				CLANG_WARN_ENUM_CONVERSION = YES;
				CLANG_WARN_INT_CONVERSION = YES;
				CLANG_WARN_OBJC_ROOT_CLASS = YES_ERROR;
				CLANG_WARN_UNREACHABLE_CODE = YES;
				CLANG_WARN__DUPLICATE_METHOD_MATCH = YES;
				"CODE_SIGN_IDENTITY[sdk=iphoneos*]" = "iPhone Developer";
				COPY_PHASE_STRIP = NO;
				DEBUG_INFORMATION_FORMAT = dwarf;
				ENABLE_STRICT_OBJC_MSGSEND = YES;
				ENABLE_TESTABILITY = YES;
				GCC_C_LANGUAGE_STANDARD = gnu99;
				GCC_DYNAMIC_NO_PIC = NO;
				GCC_NO_COMMON_BLOCKS = YES;
				GCC_OPTIMIZATION_LEVEL = 0;
				GCC_PREPROCESSOR_DEFINITIONS = (
					"DEBUG=1",
					"$(inherited)",
				);
				GCC_WARN_64_TO_32_BIT_CONVERSION = YES;
				GCC_WARN_ABOUT_RETURN_TYPE = YES_ERROR;
				GCC_WARN_UNDECLARED_SELECTOR = YES;
				GCC_WARN_UNINITIALIZED_AUTOS = YES_AGGRESSIVE;
				GCC_WARN_UNUSED_FUNCTION = YES;
				GCC_WARN_UNUSED_VARIABLE = YES;
				IPHONEOS_DEPLOYMENT_TARGET = 9.3;
				MTL_ENABLE_DEBUG_INFO = YES;
				ONLY_ACTIVE_ARCH = YES;
				SDKROOT = iphoneos;
			};
			name = Debug;
		};
		F8111B731D5F51F6006CED69 /* Release */ = {
			isa = XCBuildConfiguration;
			buildSettings = {
				ALWAYS_SEARCH_USER_PATHS = NO;
				CLANG_ANALYZER_NONNULL = YES;
				CLANG_CXX_LANGUAGE_STANDARD = "gnu++0x";
				CLANG_CXX_LIBRARY = "libc++";
				CLANG_ENABLE_MODULES = YES;
				CLANG_ENABLE_OBJC_ARC = YES;
				CLANG_WARN_BOOL_CONVERSION = YES;
				CLANG_WARN_CONSTANT_CONVERSION = YES;
				CLANG_WARN_DIRECT_OBJC_ISA_USAGE = YES_ERROR;
				CLANG_WARN_EMPTY_BODY = YES;
				CLANG_WARN_ENUM_CONVERSION = YES;
				CLANG_WARN_INT_CONVERSION = YES;
				CLANG_WARN_OBJC_ROOT_CLASS = YES_ERROR;
				CLANG_WARN_UNREACHABLE_CODE = YES;
				CLANG_WARN__DUPLICATE_METHOD_MATCH = YES;
				"CODE_SIGN_IDENTITY[sdk=iphoneos*]" = "iPhone Developer";
				COPY_PHASE_STRIP = NO;
				DEBUG_INFORMATION_FORMAT = "dwarf-with-dsym";
				ENABLE_NS_ASSERTIONS = NO;
				ENABLE_STRICT_OBJC_MSGSEND = YES;
				GCC_C_LANGUAGE_STANDARD = gnu99;
				GCC_NO_COMMON_BLOCKS = YES;
				GCC_WARN_64_TO_32_BIT_CONVERSION = YES;
				GCC_WARN_ABOUT_RETURN_TYPE = YES_ERROR;
				GCC_WARN_UNDECLARED_SELECTOR = YES;
				GCC_WARN_UNINITIALIZED_AUTOS = YES_AGGRESSIVE;
				GCC_WARN_UNUSED_FUNCTION = YES;
				GCC_WARN_UNUSED_VARIABLE = YES;
				IPHONEOS_DEPLOYMENT_TARGET = 9.3;
				MTL_ENABLE_DEBUG_INFO = NO;
				SDKROOT = iphoneos;
				VALIDATE_PRODUCT = YES;
			};
			name = Release;
		};
		F8111B751D5F51F6006CED69 /* Debug */ = {
			isa = XCBuildConfiguration;
			buildSettings = {
				ASSETCATALOG_COMPILER_APPICON_NAME = AppIcon;
				INFOPLIST_FILE = ShunFengChe/Info.plist;
				LD_RUNPATH_SEARCH_PATHS = "$(inherited) @executable_path/Frameworks";
				PRODUCT_BUNDLE_IDENTIFIER = jiulongzhou.ShunFengChe;
				PRODUCT_NAME = "$(TARGET_NAME)";
			};
			name = Debug;
		};
		F8111B761D5F51F6006CED69 /* Release */ = {
			isa = XCBuildConfiguration;
			buildSettings = {
				ASSETCATALOG_COMPILER_APPICON_NAME = AppIcon;
				INFOPLIST_FILE = ShunFengChe/Info.plist;
				LD_RUNPATH_SEARCH_PATHS = "$(inherited) @executable_path/Frameworks";
				PRODUCT_BUNDLE_IDENTIFIER = jiulongzhou.ShunFengChe;
				PRODUCT_NAME = "$(TARGET_NAME)";
			};
			name = Release;
		};
/* End XCBuildConfiguration section */

/* Begin XCConfigurationList section */
		F8111B551D5F51F6006CED69 /* Build configuration list for PBXProject "ShunFengChe" */ = {
			isa = XCConfigurationList;
			buildConfigurations = (
				F8111B721D5F51F6006CED69 /* Debug */,
				F8111B731D5F51F6006CED69 /* Release */,
			);
			defaultConfigurationIsVisible = 0;
			defaultConfigurationName = Release;
		};
		F8111B741D5F51F6006CED69 /* Build configuration list for PBXNativeTarget "ShunFengChe" */ = {
			isa = XCConfigurationList;
			buildConfigurations = (
				F8111B751D5F51F6006CED69 /* Debug */,
				F8111B761D5F51F6006CED69 /* Release */,
			);
			defaultConfigurationIsVisible = 0;
		};
/* End XCConfigurationList section */
	};
	rootObject = F8111B521D5F51F6006CED69 /* Project object */;
}
